{
  "requires": true,
  "lockfileVersion": 1,
  "dependencies": {
    "prettier": {
      "version": "1.12.1",
      "resolved": "https://registry.npmjs.org/prettier/-/prettier-1.12.1.tgz",
      "integrity": "sha1-wa0g6APndJ+vkFpAnSNn4Gu+cyU="
    },
    "url-search-params-polyfill": {
      "version": "3.0.0",
      "resolved":
        "https://registry.npmjs.org/url-search-params-polyfill/-/url-search-params-polyfill-3.0.0.tgz",
      "integrity":
        "sha512-oRNWuBkJ/zKKK1aiBaTBZTf07zOKd0g+nJYB+vFNPO14gFjA75BaHgIJLtveWBRxI/2qff7xcTb9H6wkpTmqjg=="
    }
  }
}
