{
  "name": "e2e",
  "version": "1.0.0",
  "lockfileVersion": 2,
  "requires": true,
  "packages": {
    "": {
      "name": "e2e",
      "version": "1.0.0",
      "license": "ISC",
      "devDependencies": {
        "@faker-js/faker": "^7.6.0",
        "@playwright/test": "^1.27.0",
        "@types/lodash": "^4.14.182",
        "dotenv": "^16.0.1",
        "lodash": "^4.14.182",
        "playwright": "^1.30.0",
        "playwright-chromium": "^1.30.0",
        "playwright-json-summary-reporter": "^1.0.0",
        "prettier": "^2.8.2"
      }
    },
    "node_modules/@faker-js/faker": {
      "version": "7.6.0",
      "resolved": "https://registry.npmjs.org/@faker-js/faker/-/faker-7.6.0.tgz",
      "integrity": "sha512-XK6BTq1NDMo9Xqw/YkYyGjSsg44fbNwYRx7QK2CuoQgyy+f1rrTDHoExVM5PsyXCtfl2vs2vVJ0MN0yN6LppRw==",
      "dev": true,
      "engines": {
        "node": ">=14.0.0",
        "npm": ">=6.0.0"
      }
    },
    "node_modules/@playwright/test": {
      "version": "1.27.1",
      "resolved": "https://registry.npmjs.org/@playwright/test/-/test-1.27.1.tgz",
      "integrity": "sha512-mrL2q0an/7tVqniQQF6RBL2saskjljXzqNcCOVMUjRIgE6Y38nCNaP+Dc2FBW06bcpD3tqIws/HT9qiMHbNU0A==",
      "dev": true,
      "dependencies": {
        "@types/node": "*",
        "playwright-core": "1.27.1"
      },
      "bin": {
        "playwright": "cli.js"
      },
      "engines": {
        "node": ">=14"
      }
    },
    "node_modules/@types/lodash": {
      "version": "4.14.191",
      "resolved": "https://registry.npmjs.org/@types/lodash/-/lodash-4.14.191.tgz",
      "integrity": "sha512-BdZ5BCCvho3EIXw6wUCXHe7rS53AIDPLE+JzwgT+OsJk53oBfbSmZZ7CX4VaRoN78N+TJpFi9QPlfIVNmJYWxQ==",
      "dev": true
    },
    "node_modules/@types/node": {
      "version": "18.11.0",
      "resolved": "https://registry.npmjs.org/@types/node/-/node-18.11.0.tgz",
      "integrity": "sha512-IOXCvVRToe7e0ny7HpT/X9Rb2RYtElG1a+VshjwT00HxrM2dWBApHQoqsI6WiY7Q03vdf2bCrIGzVrkF/5t10w==",
      "dev": true
    },
    "node_modules/dotenv": {
      "version": "16.0.3",
      "resolved": "https://registry.npmjs.org/dotenv/-/dotenv-16.0.3.tgz",
      "integrity": "sha512-7GO6HghkA5fYG9TYnNxi14/7K9f5occMlp3zXAuSxn7CKCxt9xbNWG7yF8hTCSUchlfWSe3uLmlPfigevRItzQ==",
      "dev": true,
      "engines": {
        "node": ">=12"
      }
    },
    "node_modules/lodash": {
      "version": "4.17.21",
      "resolved": "https://registry.npmjs.org/lodash/-/lodash-4.17.21.tgz",
      "integrity": "sha512-v2kDEe57lecTulaDIuNTPy3Ry4gLGJ6Z1O3vE1krgXZNrsQ+LFTGHVxVjcXPs17LhbZVGedAJv8XZ1tvj5FvSg==",
      "dev": true
    },
    "node_modules/playwright": {
      "version": "1.32.1",
      "resolved": "https://registry.npmjs.org/playwright/-/playwright-1.32.1.tgz",
      "integrity": "sha512-GnEizysWMvoqHC3I9l8+4/ZxeLwLNdJJG76xdKGxzOcIZDcw5RSk/FKrFb5CuA+zcLpjIM2p9eR9Z4CuUDkWXg==",
      "dev": true,
      "hasInstallScript": true,
      "dependencies": {
        "playwright-core": "1.32.1"
      },
      "bin": {
        "playwright": "cli.js"
      },
      "engines": {
        "node": ">=14"
      }
    },
    "node_modules/playwright-chromium": {
      "version": "1.32.1",
      "resolved": "https://registry.npmjs.org/playwright-chromium/-/playwright-chromium-1.32.1.tgz",
      "integrity": "sha512-TADlQ5xJ4iHIHLKQw361PrleUMHJIRlrw+yDadd3IWS0TCHL+CpMjGhSV9OZbKdsi0oZxjDudwd8B2d6lzjfmw==",
      "dev": true,
      "hasInstallScript": true,
      "dependencies": {
        "playwright-core": "1.32.1"
      },
      "bin": {
        "playwright": "cli.js"
      },
      "engines": {
        "node": ">=14"
      }
    },
    "node_modules/playwright-chromium/node_modules/playwright-core": {
      "version": "1.32.1",
      "resolved": "https://registry.npmjs.org/playwright-core/-/playwright-core-1.32.1.tgz",
      "integrity": "sha512-KZYUQC10mXD2Am1rGlidaalNGYk3LU1vZqqNk0gT4XPty1jOqgup8KDP8l2CUlqoNKhXM5IfGjWgW37xvGllBA==",
      "dev": true,
      "bin": {
        "playwright": "cli.js"
      },
      "engines": {
        "node": ">=14"
      }
    },
    "node_modules/playwright-core": {
      "version": "1.27.1",
      "resolved": "https://registry.npmjs.org/playwright-core/-/playwright-core-1.27.1.tgz",
      "integrity": "sha512-9EmeXDncC2Pmp/z+teoVYlvmPWUC6ejSSYZUln7YaP89Z6lpAaiaAnqroUt/BoLo8tn7WYShcfaCh+xofZa44Q==",
      "dev": true,
      "bin": {
        "playwright": "cli.js"
      },
      "engines": {
        "node": ">=14"
      }
    },
    "node_modules/playwright-json-summary-reporter": {
      "version": "1.0.0",
      "resolved": "https://registry.npmjs.org/playwright-json-summary-reporter/-/playwright-json-summary-reporter-1.0.0.tgz",
      "integrity": "sha512-S90sCEvWieYuAxyQAAucQNtz+DopnTlzam4CU2cd4PfviaH+RNX3TjMf+LSko9Wqqg64AE3Q04P4pEw9k5ImaA==",
      "dev": true
    },
    "node_modules/playwright/node_modules/playwright-core": {
      "version": "1.32.1",
      "resolved": "https://registry.npmjs.org/playwright-core/-/playwright-core-1.32.1.tgz",
      "integrity": "sha512-KZYUQC10mXD2Am1rGlidaalNGYk3LU1vZqqNk0gT4XPty1jOqgup8KDP8l2CUlqoNKhXM5IfGjWgW37xvGllBA==",
      "dev": true,
      "bin": {
        "playwright": "cli.js"
      },
      "engines": {
        "node": ">=14"
      }
    },
    "node_modules/prettier": {
      "version": "2.8.2",
      "resolved": "https://registry.npmjs.org/prettier/-/prettier-2.8.2.tgz",
      "integrity": "sha512-BtRV9BcncDyI2tsuS19zzhzoxD8Dh8LiCx7j7tHzrkz8GFXAexeWFdi22mjE1d16dftH2qNaytVxqiRTGlMfpw==",
      "dev": true,
      "bin": {
        "prettier": "bin-prettier.js"
      },
      "engines": {
        "node": ">=10.13.0"
      },
      "funding": {
        "url": "https://github.com/prettier/prettier?sponsor=1"
      }
    }
  },
  "dependencies": {
    "@faker-js/faker": {
      "version": "7.6.0",
      "resolved": "https://registry.npmjs.org/@faker-js/faker/-/faker-7.6.0.tgz",
      "integrity": "sha512-XK6BTq1NDMo9Xqw/YkYyGjSsg44fbNwYRx7QK2CuoQgyy+f1rrTDHoExVM5PsyXCtfl2vs2vVJ0MN0yN6LppRw==",
      "dev": true
    },
    "@playwright/test": {
      "version": "1.27.1",
      "resolved": "https://registry.npmjs.org/@playwright/test/-/test-1.27.1.tgz",
      "integrity": "sha512-mrL2q0an/7tVqniQQF6RBL2saskjljXzqNcCOVMUjRIgE6Y38nCNaP+Dc2FBW06bcpD3tqIws/HT9qiMHbNU0A==",
      "dev": true,
      "requires": {
        "@types/node": "*",
        "playwright-core": "1.27.1"
      }
    },
    "@types/lodash": {
      "version": "4.14.191",
      "resolved": "https://registry.npmjs.org/@types/lodash/-/lodash-4.14.191.tgz",
      "integrity": "sha512-BdZ5BCCvho3EIXw6wUCXHe7rS53AIDPLE+JzwgT+OsJk53oBfbSmZZ7CX4VaRoN78N+TJpFi9QPlfIVNmJYWxQ==",
      "dev": true
    },
    "@types/node": {
      "version": "18.11.0",
      "resolved": "https://registry.npmjs.org/@types/node/-/node-18.11.0.tgz",
      "integrity": "sha512-IOXCvVRToe7e0ny7HpT/X9Rb2RYtElG1a+VshjwT00HxrM2dWBApHQoqsI6WiY7Q03vdf2bCrIGzVrkF/5t10w==",
      "dev": true
    },
    "dotenv": {
      "version": "16.0.3",
      "resolved": "https://registry.npmjs.org/dotenv/-/dotenv-16.0.3.tgz",
      "integrity": "sha512-7GO6HghkA5fYG9TYnNxi14/7K9f5occMlp3zXAuSxn7CKCxt9xbNWG7yF8hTCSUchlfWSe3uLmlPfigevRItzQ==",
      "dev": true
    },
    "lodash": {
      "version": "4.17.21",
      "resolved": "https://registry.npmjs.org/lodash/-/lodash-4.17.21.tgz",
      "integrity": "sha512-v2kDEe57lecTulaDIuNTPy3Ry4gLGJ6Z1O3vE1krgXZNrsQ+LFTGHVxVjcXPs17LhbZVGedAJv8XZ1tvj5FvSg==",
      "dev": true
    },
    "playwright": {
      "version": "1.32.1",
      "resolved": "https://registry.npmjs.org/playwright/-/playwright-1.32.1.tgz",
      "integrity": "sha512-GnEizysWMvoqHC3I9l8+4/ZxeLwLNdJJG76xdKGxzOcIZDcw5RSk/FKrFb5CuA+zcLpjIM2p9eR9Z4CuUDkWXg==",
      "dev": true,
      "requires": {
        "playwright-core": "1.32.1"
      },
      "dependencies": {
        "playwright-core": {
          "version": "1.32.1",
          "resolved": "https://registry.npmjs.org/playwright-core/-/playwright-core-1.32.1.tgz",
          "integrity": "sha512-KZYUQC10mXD2Am1rGlidaalNGYk3LU1vZqqNk0gT4XPty1jOqgup8KDP8l2CUlqoNKhXM5IfGjWgW37xvGllBA==",
          "dev": true
        }
      }
    },
    "playwright-chromium": {
      "version": "1.32.1",
      "resolved": "https://registry.npmjs.org/playwright-chromium/-/playwright-chromium-1.32.1.tgz",
      "integrity": "sha512-TADlQ5xJ4iHIHLKQw361PrleUMHJIRlrw+yDadd3IWS0TCHL+CpMjGhSV9OZbKdsi0oZxjDudwd8B2d6lzjfmw==",
      "dev": true,
      "requires": {
        "playwright-core": "1.32.1"
      },
      "dependencies": {
        "playwright-core": {
          "version": "1.32.1",
          "resolved": "https://registry.npmjs.org/playwright-core/-/playwright-core-1.32.1.tgz",
          "integrity": "sha512-KZYUQC10mXD2Am1rGlidaalNGYk3LU1vZqqNk0gT4XPty1jOqgup8KDP8l2CUlqoNKhXM5IfGjWgW37xvGllBA==",
          "dev": true
        }
      }
    },
    "playwright-core": {
      "version": "1.27.1",
      "resolved": "https://registry.npmjs.org/playwright-core/-/playwright-core-1.27.1.tgz",
      "integrity": "sha512-9EmeXDncC2Pmp/z+teoVYlvmPWUC6ejSSYZUln7YaP89Z6lpAaiaAnqroUt/BoLo8tn7WYShcfaCh+xofZa44Q==",
      "dev": true
    },
    "playwright-json-summary-reporter": {
      "version": "1.0.0",
      "resolved": "https://registry.npmjs.org/playwright-json-summary-reporter/-/playwright-json-summary-reporter-1.0.0.tgz",
      "integrity": "sha512-S90sCEvWieYuAxyQAAucQNtz+DopnTlzam4CU2cd4PfviaH+RNX3TjMf+LSko9Wqqg64AE3Q04P4pEw9k5ImaA==",
      "dev": true
    },
    "prettier": {
      "version": "2.8.2",
      "resolved": "https://registry.npmjs.org/prettier/-/prettier-2.8.2.tgz",
      "integrity": "sha512-BtRV9BcncDyI2tsuS19zzhzoxD8Dh8LiCx7j7tHzrkz8GFXAexeWFdi22mjE1d16dftH2qNaytVxqiRTGlMfpw==",
      "dev": true
    }
  }
}
